
Microsoft Visual Studio Solution File, Format Version 12.00
# Visual Studio 15
VisualStudioVersion = 15.0.28307.329
MinimumVisualStudioVersion = 10.0.40219.1
Project("{FAE04EC0-301F-11D3-BF4B-00C04F79EFBC}") = "UniversityClinicHospital", "UniversityClinicHospital\UniversityClinicHospital.csproj", "{E4424B57-C257-4BDB-BF8B-2C1AE790FBDA}"
EndProject
Project("{FAE04EC0-301F-11D3-BF4B-00C04F79EFBC}") = "UniversityClinicHospital.Tests", "UniversityClinicHospital.Tests\UniversityClinicHospital.Tests.csproj", "{7A9B2A34-CE51-4CA6-BC8B-40E5C7297472}"
EndProject
Global
	GlobalSection(SolutionConfigurationPlatforms) = preSolution
		Debug|Any CPU = Debug|Any CPU
		Release|Any CPU = Release|Any CPU
	EndGlobalSection
	GlobalSection(ProjectConfigurationPlatforms) = postSolution
		{E4424B57-C257-4BDB-BF8B-2C1AE790FBDA}.Debug|Any CPU.ActiveCfg = Debug|Any CPU
		{E4424B57-C257-4BDB-BF8B-2C1AE790FBDA}.Debug|Any CPU.Build.0 = Debug|Any CPU
		{E4424B57-C257-4BDB-BF8B-2C1AE790FBDA}.Release|Any CPU.ActiveCfg = Release|Any CPU
		{E4424B57-C257-4BDB-BF8B-2C1AE790FBDA}.Release|Any CPU.Build.0 = Release|Any CPU
		{7A9B2A34-CE51-4CA6-BC8B-40E5C7297472}.Debug|Any CPU.ActiveCfg = Debug|Any CPU
		{7A9B2A34-CE51-4CA6-BC8B-40E5C7297472}.Debug|Any CPU.Build.0 = Debug|Any CPU
		{7A9B2A34-CE51-4CA6-BC8B-40E5C7297472}.Release|Any CPU.ActiveCfg = Release|Any CPU
		{7A9B2A34-CE51-4CA6-BC8B-40E5C7297472}.Release|Any CPU.Build.0 = Release|Any CPU
	EndGlobalSection
	GlobalSection(SolutionProperties) = preSolution
		HideSolutionNode = FALSE
	EndGlobalSection
	GlobalSection(ExtensibilityGlobals) = postSolution
		SolutionGuid = {EB89EA0A-9011-4348-95C6-8E67E32B3442}
	EndGlobalSection
EndGlobal
